Microsoft Visual Studio Solution File, Format Version 12.00
# Visual Studio Version 17
VisualStudioVersion = 17.5.2.0
MinimumVisualStudioVersion = 10.0.40219.1
Project("{2150E333-8FDC-42A3-9474-1A3956D46DE8}") = "tasks", "tasks", "{B554F44C-BC1A-140C-1D5D-67ADEC712783}"
EndProject
Project("{2150E333-8FDC-42A3-9474-1A3956D46DE8}") = "results", "results", "{1668C5BA-8DDF-07DE-9EF4-CB21FE816227}"
EndProject
Project("{2150E333-8FDC-42A3-9474-1A3956D46DE8}") = "easy", "easy", "{7561B235-6754-3C5C-E463-7CE23D1EAFCD}"
EndProject
Project("{2150E333-8FDC-42A3-9474-1A3956D46DE8}") = "001-list-sum", "001-list-sum", "{155256E3-B074-1180-D9D3-44D6933B8C53}"
EndProject
Project("{2150E333-8FDC-42A3-9474-1A3956D46DE8}") = "template", "template", "{3A1C543F-11A2-DCD3-0B51-637217ADEBAE}"
EndProject
Project("{FAE04EC0-301F-11D3-BF4B-00C04F79EFBC}") = "Solution", "tasks\easy\001-list-sum\template\Solution.csproj", "{6A6F1812-F013-51DA-E8E6-F79693A47021}"
EndProject
Project("{2150E333-8FDC-42A3-9474-1A3956D46DE8}") = "tests", "tests", "{5A8327F4-684E-B840-8E21-B150F786CF90}"
EndProject
Project("{FAE04EC0-301F-11D3-BF4B-00C04F79EFBC}") = "Solution.Tests", "tasks\easy\001-list-sum\tests\Solution.Tests.csproj", "{F0ECB36E-D781-B477-F3F0-E56214A2E59A}"
EndProject
Project("{2150E333-8FDC-42A3-9474-1A3956D46DE8}") = "002-string-normalizer", "002-string-normalizer", "{A699CA91-14DE-57E8-1739-10FE96C0F9D1}"
EndProject
Project("{2150E333-8FDC-42A3-9474-1A3956D46DE8}") = "template", "template", "{F2395E5A-286A-FEA7-5DEA-C63D4A7A63D1}"
EndProject
Project("{FAE04EC0-301F-11D3-BF4B-00C04F79EFBC}") = "Solution", "tasks\easy\002-string-normalizer\template\Solution.csproj", "{274C5A60-01DB-5845-0078-BE4C7A271521}"
EndProject
Project("{2150E333-8FDC-42A3-9474-1A3956D46DE8}") = "tests", "tests", "{77AA6E33-9331-4884-D8BD-91D5D4F6222D}"
EndProject
Project("{FAE04EC0-301F-11D3-BF4B-00C04F79EFBC}") = "Solution.Tests", "tasks\easy\002-string-normalizer\tests\Solution.Tests.csproj", "{E1626A7A-1375-785D-0D36-81985ADB8D1E}"
EndProject
Project("{2150E333-8FDC-42A3-9474-1A3956D46DE8}") = "003-word-counter", "003-word-counter", "{7CBCCB36-E86F-1F44-3BE1-F86223486B3E}"
EndProject
Project("{2150E333-8FDC-42A3-9474-1A3956D46DE8}") = "template", "template", "{A07265D1-390D-22C4-5541-E7CA1C402960}"
EndProject
Project("{FAE04EC0-301F-11D3-BF4B-00C04F79EFBC}") = "Solution", "tasks\easy\003-word-counter\template\Solution.csproj", "{37192330-C0B5-8751-DB74-F77AAD3D5C83}"
EndProject
Project("{2150E333-8FDC-42A3-9474-1A3956D46DE8}") = "tests", "tests", "{41A576C6-BC88-EAFD-4747-6EC3F74F3672}"
EndProject
Project("{FAE04EC0-301F-11D3-BF4B-00C04F79EFBC}") = "Solution.Tests", "tasks\easy\003-word-counter\tests\Solution.Tests.csproj", "{6F74271F-C487-F528-F674-D5CF2B88B95A}"
EndProject
Project("{2150E333-8FDC-42A3-9474-1A3956D46DE8}") = "004-even-filter", "004-even-filter", "{225C45F3-4AA4-668E-ED7A-C95A90898E1D}"
EndProject
Project("{2150E333-8FDC-42A3-9474-1A3956D46DE8}") = "template", "template", "{332D280D-14AD-429A-5D1C-5F1D811CB279}"
EndProject
Project("{FAE04EC0-301F-11D3-BF4B-00C04F79EFBC}") = "Solution", "tasks\easy\004-even-filter\template\Solution.csproj", "{9CBD4E82-87AF-F5EA-4784-697D4FE722A4}"
EndProject
Project("{2150E333-8FDC-42A3-9474-1A3956D46DE8}") = "tests", "tests", "{2AC06721-FF15-DBB4-3251-EF63F5DDCFE9}"
EndProject
Project("{FAE04EC0-301F-11D3-BF4B-00C04F79EFBC}") = "Solution.Tests", "tasks\easy\004-even-filter\tests\Solution.Tests.csproj", "{9791462A-86E2-F0FB-4A2B-9DA90145446E}"
EndProject
Project("{2150E333-8FDC-42A3-9474-1A3956D46DE8}") = "005-product-discount", "005-product-discount", "{0FB73E51-A9A8-1107-1A4E-CEDC613C515D}"
EndProject
Project("{2150E333-8FDC-42A3-9474-1A3956D46DE8}") = "template", "template", "{6FC0B0A4-DDDD-F0FE-E548-7022355569F1}"
EndProject
Project("{FAE04EC0-301F-11D3-BF4B-00C04F79EFBC}") = "Solution", "tasks\easy\005-product-discount\template\Solution.csproj", "{6E3C5A45-34DB-6EF2-9399-BE5C247D0C38}"
EndProject
Project("{2150E333-8FDC-42A3-9474-1A3956D46DE8}") = "tests", "tests", "{D0D02840-5D64-F458-18AA-9264DF46EEA7}"
EndProject
Project("{FAE04EC0-301F-11D3-BF4B-00C04F79EFBC}") = "Solution.Tests", "tasks\easy\005-product-discount\tests\Solution.Tests.csproj", "{572F86B3-472D-F755-155D-5E1741772126}"
EndProject
Project("{2150E333-8FDC-42A3-9474-1A3956D46DE8}") = "006-category-aggregation", "006-category-aggregation", "{98CD4696-9318-03A5-302D-81AEE91718C2}"
EndProject
Project("{2150E333-8FDC-42A3-9474-1A3956D46DE8}") = "template", "template", "{F28F5A47-1E5E-7B13-B61A-7DD784CF8F6A}"
EndProject
Project("{FAE04EC0-301F-11D3-BF4B-00C04F79EFBC}") = "Solution", "tasks\easy\006-category-aggregation\template\Solution.csproj", "{91D12EA2-04EE-DE78-F063-845ACC1079FE}"
EndProject
Project("{2150E333-8FDC-42A3-9474-1A3956D46DE8}") = "tests", "tests", "{E86164F9-D776-0343-BBFE-BDBFAA79666D}"
EndProject
Project("{FAE04EC0-301F-11D3-BF4B-00C04F79EFBC}") = "Solution.Tests", "tasks\easy\006-category-aggregation\tests\Solution.Tests.csproj", "{D62C49F5-C467-4FE0-9E37-08CF42115734}"
EndProject
Project("{2150E333-8FDC-42A3-9474-1A3956D46DE8}") = "007-duration-converter", "007-duration-converter", "{DC5A3285-5D07-3D46-D001-EA2C10AAC3A3}"
EndProject
Project("{2150E333-8FDC-42A3-9474-1A3956D46DE8}") = "template", "template", "{4DB07D5E-2360-F11F-015D-BC1D74CF6354}"
EndProject
Project("{FAE04EC0-301F-11D3-BF4B-00C04F79EFBC}") = "Solution", "tasks\easy\007-duration-converter\template\Solution.csproj", "{53043688-F275-B735-71F8-86185ACF03BB}"
EndProject
Project("{2150E333-8FDC-42A3-9474-1A3956D46DE8}") = "tests", "tests", "{4716662E-E361-833C-420B-70148875A15E}"
EndProject
Project("{FAE04EC0-301F-11D3-BF4B-00C04F79EFBC}") = "Solution.Tests", "tasks\easy\007-duration-converter\tests\Solution.Tests.csproj", "{8456E239-A022-6D36-43B2-F0454655F377}"
EndProject
Project("{2150E333-8FDC-42A3-9474-1A3956D46DE8}") = "008-simple-stack", "008-simple-stack", "{FCD5D1AD-A00A-75CF-FECE-9E9CD7529E67}"
EndProject
Project("{2150E333-8FDC-42A3-9474-1A3956D46DE8}") = "template", "template", "{E296CF02-FFCB-69AB-0575-D4EB4DE0DDD7}"
EndProject
Project("{FAE04EC0-301F-11D3-BF4B-00C04F79EFBC}") = "Solution", "tasks\easy\008-simple-stack\template\Solution.csproj", "{E5BA1D4E-EB22-79F5-638E-BF44487CFCF8}"
EndProject
Project("{2150E333-8FDC-42A3-9474-1A3956D46DE8}") = "tests", "tests", "{E6FD1486-AF7D-FB5B-F1E8-EFD86944706B}"
EndProject
Project("{FAE04EC0-301F-11D3-BF4B-00C04F79EFBC}") = "Solution.Tests", "tasks\easy\008-simple-stack\tests\Solution.Tests.csproj", "{1F86FDBB-481B-E6D6-B6D4-BBC9EB28600B}"
EndProject
Project("{2150E333-8FDC-42A3-9474-1A3956D46DE8}") = "009-multi-field-sort", "009-multi-field-sort", "{80538D9A-4077-34C2-F2AF-E6F881F57F8E}"
EndProject
Project("{2150E333-8FDC-42A3-9474-1A3956D46DE8}") = "template", "template", "{87661CF1-6BB7-8FF1-56BE-ACD22102E81D}"
EndProject
Project("{FAE04EC0-301F-11D3-BF4B-00C04F79EFBC}") = "Solution", "tasks\easy\009-multi-field-sort\template\Solution.csproj", "{5C44EA03-5020-7F25-E2B1-1B08DEBA1953}"
EndProject
Project("{2150E333-8FDC-42A3-9474-1A3956D46DE8}") = "tests", "tests", "{8080EFEF-2E20-C951-FC0F-3C9A4634A42F}"
EndProject
Project("{FAE04EC0-301F-11D3-BF4B-00C04F79EFBC}") = "Solution.Tests", "tasks\easy\009-multi-field-sort\tests\Solution.Tests.csproj", "{BF7FB1EE-C71D-1498-19C3-E084044540C4}"
EndProject
Project("{2150E333-8FDC-42A3-9474-1A3956D46DE8}") = "010-simple-statistics", "010-simple-statistics", "{D317816C-9DA5-9EAC-5357-83E42D51D3D0}"
EndProject
Project("{2150E333-8FDC-42A3-9474-1A3956D46DE8}") = "template", "template", "{F07FA82F-001F-B877-AB1E-C26D49A4E261}"
EndProject
Project("{FAE04EC0-301F-11D3-BF4B-00C04F79EFBC}") = "Solution", "tasks\easy\010-simple-statistics\template\Solution.csproj", "{F0E89660-686F-0538-57D8-DB17DAD0EBF5}"
EndProject
Project("{2150E333-8FDC-42A3-9474-1A3956D46DE8}") = "tests", "tests", "{7EEF2256-67E6-5141-1A0C-862FC31C7E43}"
EndProject
Project("{FAE04EC0-301F-11D3-BF4B-00C04F79EFBC}") = "Solution.Tests", "tasks\easy\010-simple-statistics\tests\Solution.Tests.csproj", "{1DB1D7D4-F621-0A77-3044-2959B1A2457A}"
EndProject
Project("{2150E333-8FDC-42A3-9474-1A3956D46DE8}") = "2026-05-11_215007", "2026-05-11_215007", "{3AA93CAF-1693-BCF5-70C7-2AEE3F36B844}"
EndProject
Project("{2150E333-8FDC-42A3-9474-1A3956D46DE8}") = "tasks", "tasks", "{62C05A5C-3849-E3EB-1BA6-745D0CD7CCA9}"
EndProject
Project("{2150E333-8FDC-42A3-9474-1A3956D46DE8}") = "easy-001", "easy-001", "{130484BA-3D5B-3CC1-73AF-36F53DEDB83B}"
EndProject
Project("{2150E333-8FDC-42A3-9474-1A3956D46DE8}") = "workspace", "workspace", "{076A2EAE-BA58-8EF7-C6B4-F0FF678AF002}"
EndProject
Project("{FAE04EC0-301F-11D3-BF4B-00C04F79EFBC}") = "Solution", "results\2026-05-11_215007\tasks\easy-001\workspace\Solution.csproj", "{1893436C-5C96-16C4-20FB-1B6AC99DF357}"
EndProject
Project("{2150E333-8FDC-42A3-9474-1A3956D46DE8}") = "tests", "tests", "{65BA1280-FBB5-A401-6D3D-B60ED5F7DEA4}"
EndProject
Project("{FAE04EC0-301F-11D3-BF4B-00C04F79EFBC}") = "Solution.Tests", "results\2026-05-11_215007\tasks\easy-001\workspace\tests\Solution.Tests.csproj", "{A49B974A-9318-49DD-6B2C-0814B2E59898}"
EndProject
Global
	GlobalSection(SolutionConfigurationPlatforms) = preSolution
		Debug|Any CPU = Debug|Any CPU
		Release|Any CPU = Release|Any CPU
	EndGlobalSection
	GlobalSection(ProjectConfigurationPlatforms) = postSolution
		{6A6F1812-F013-51DA-E8E6-F79693A47021}.Debug|Any CPU.ActiveCfg = Debug|Any CPU
		{6A6F1812-F013-51DA-E8E6-F79693A47021}.Debug|Any CPU.Build.0 = Debug|Any CPU
		{6A6F1812-F013-51DA-E8E6-F79693A47021}.Release|Any CPU.ActiveCfg = Release|Any CPU
		{6A6F1812-F013-51DA-E8E6-F79693A47021}.Release|Any CPU.Build.0 = Release|Any CPU
		{F0ECB36E-D781-B477-F3F0-E56214A2E59A}.Debug|Any CPU.ActiveCfg = Debug|Any CPU
		{F0ECB36E-D781-B477-F3F0-E56214A2E59A}.Debug|Any CPU.Build.0 = Debug|Any CPU
		{F0ECB36E-D781-B477-F3F0-E56214A2E59A}.Release|Any CPU.ActiveCfg = Release|Any CPU
		{F0ECB36E-D781-B477-F3F0-E56214A2E59A}.Release|Any CPU.Build.0 = Release|Any CPU
		{274C5A60-01DB-5845-0078-BE4C7A271521}.Debug|Any CPU.ActiveCfg = Debug|Any CPU
		{274C5A60-01DB-5845-0078-BE4C7A271521}.Debug|Any CPU.Build.0 = Debug|Any CPU
		{274C5A60-01DB-5845-0078-BE4C7A271521}.Release|Any CPU.ActiveCfg = Release|Any CPU
		{274C5A60-01DB-5845-0078-BE4C7A271521}.Release|Any CPU.Build.0 = Release|Any CPU
		{E1626A7A-1375-785D-0D36-81985ADB8D1E}.Debug|Any CPU.ActiveCfg = Debug|Any CPU
		{E1626A7A-1375-785D-0D36-81985ADB8D1E}.Debug|Any CPU.Build.0 = Debug|Any CPU
		{E1626A7A-1375-785D-0D36-81985ADB8D1E}.Release|Any CPU.ActiveCfg = Release|Any CPU
		{E1626A7A-1375-785D-0D36-81985ADB8D1E}.Release|Any CPU.Build.0 = Release|Any CPU
		{37192330-C0B5-8751-DB74-F77AAD3D5C83}.Debug|Any CPU.ActiveCfg = Debug|Any CPU
		{37192330-C0B5-8751-DB74-F77AAD3D5C83}.Debug|Any CPU.Build.0 = Debug|Any CPU
		{37192330-C0B5-8751-DB74-F77AAD3D5C83}.Release|Any CPU.ActiveCfg = Release|Any CPU
		{37192330-C0B5-8751-DB74-F77AAD3D5C83}.Release|Any CPU.Build.0 = Release|Any CPU
		{6F74271F-C487-F528-F674-D5CF2B88B95A}.Debug|Any CPU.ActiveCfg = Debug|Any CPU
		{6F74271F-C487-F528-F674-D5CF2B88B95A}.Debug|Any CPU.Build.0 = Debug|Any CPU
		{6F74271F-C487-F528-F674-D5CF2B88B95A}.Release|Any CPU.ActiveCfg = Release|Any CPU
		{6F74271F-C487-F528-F674-D5CF2B88B95A}.Release|Any CPU.Build.0 = Release|Any CPU
		{9CBD4E82-87AF-F5EA-4784-697D4FE722A4}.Debug|Any CPU.ActiveCfg = Debug|Any CPU
		{9CBD4E82-87AF-F5EA-4784-697D4FE722A4}.Debug|Any CPU.Build.0 = Debug|Any CPU
		{9CBD4E82-87AF-F5EA-4784-697D4FE722A4}.Release|Any CPU.ActiveCfg = Release|Any CPU
		{9CBD4E82-87AF-F5EA-4784-697D4FE722A4}.Release|Any CPU.Build.0 = Release|Any CPU
		{9791462A-86E2-F0FB-4A2B-9DA90145446E}.Debug|Any CPU.ActiveCfg = Debug|Any CPU
		{9791462A-86E2-F0FB-4A2B-9DA90145446E}.Debug|Any CPU.Build.0 = Debug|Any CPU
		{9791462A-86E2-F0FB-4A2B-9DA90145446E}.Release|Any CPU.ActiveCfg = Release|Any CPU
		{9791462A-86E2-F0FB-4A2B-9DA90145446E}.Release|Any CPU.Build.0 = Release|Any CPU
		{6E3C5A45-34DB-6EF2-9399-BE5C247D0C38}.Debug|Any CPU.ActiveCfg = Debug|Any CPU
		{6E3C5A45-34DB-6EF2-9399-BE5C247D0C38}.Debug|Any CPU.Build.0 = Debug|Any CPU
		{6E3C5A45-34DB-6EF2-9399-BE5C247D0C38}.Release|Any CPU.ActiveCfg = Release|Any CPU
		{6E3C5A45-34DB-6EF2-9399-BE5C247D0C38}.Release|Any CPU.Build.0 = Release|Any CPU
		{572F86B3-472D-F755-155D-5E1741772126}.Debug|Any CPU.ActiveCfg = Debug|Any CPU
		{572F86B3-472D-F755-155D-5E1741772126}.Debug|Any CPU.Build.0 = Debug|Any CPU
		{572F86B3-472D-F755-155D-5E1741772126}.Release|Any CPU.ActiveCfg = Release|Any CPU
		{572F86B3-472D-F755-155D-5E1741772126}.Release|Any CPU.Build.0 = Release|Any CPU
		{91D12EA2-04EE-DE78-F063-845ACC1079FE}.Debug|Any CPU.ActiveCfg = Debug|Any CPU
		{91D12EA2-04EE-DE78-F063-845ACC1079FE}.Debug|Any CPU.Build.0 = Debug|Any CPU
		{91D12EA2-04EE-DE78-F063-845ACC1079FE}.Release|Any CPU.ActiveCfg = Release|Any CPU
		{91D12EA2-04EE-DE78-F063-845ACC1079FE}.Release|Any CPU.Build.0 = Release|Any CPU
		{D62C49F5-C467-4FE0-9E37-08CF42115734}.Debug|Any CPU.ActiveCfg = Debug|Any CPU
		{D62C49F5-C467-4FE0-9E37-08CF42115734}.Debug|Any CPU.Build.0 = Debug|Any CPU
		{D62C49F5-C467-4FE0-9E37-08CF42115734}.Release|Any CPU.ActiveCfg = Release|Any CPU
		{D62C49F5-C467-4FE0-9E37-08CF42115734}.Release|Any CPU.Build.0 = Release|Any CPU
		{53043688-F275-B735-71F8-86185ACF03BB}.Debug|Any CPU.ActiveCfg = Debug|Any CPU
		{53043688-F275-B735-71F8-86185ACF03BB}.Debug|Any CPU.Build.0 = Debug|Any CPU
		{53043688-F275-B735-71F8-86185ACF03BB}.Release|Any CPU.ActiveCfg = Release|Any CPU
		{53043688-F275-B735-71F8-86185ACF03BB}.Release|Any CPU.Build.0 = Release|Any CPU
		{8456E239-A022-6D36-43B2-F0454655F377}.Debug|Any CPU.ActiveCfg = Debug|Any CPU
		{8456E239-A022-6D36-43B2-F0454655F377}.Debug|Any CPU.Build.0 = Debug|Any CPU
		{8456E239-A022-6D36-43B2-F0454655F377}.Release|Any CPU.ActiveCfg = Release|Any CPU
		{8456E239-A022-6D36-43B2-F0454655F377}.Release|Any CPU.Build.0 = Release|Any CPU
		{E5BA1D4E-EB22-79F5-638E-BF44487CFCF8}.Debug|Any CPU.ActiveCfg = Debug|Any CPU
		{E5BA1D4E-EB22-79F5-638E-BF44487CFCF8}.Debug|Any CPU.Build.0 = Debug|Any CPU
		{E5BA1D4E-EB22-79F5-638E-BF44487CFCF8}.Release|Any CPU.ActiveCfg = Release|Any CPU
		{E5BA1D4E-EB22-79F5-638E-BF44487CFCF8}.Release|Any CPU.Build.0 = Release|Any CPU
		{1F86FDBB-481B-E6D6-B6D4-BBC9EB28600B}.Debug|Any CPU.ActiveCfg = Debug|Any CPU
		{1F86FDBB-481B-E6D6-B6D4-BBC9EB28600B}.Debug|Any CPU.Build.0 = Debug|Any CPU
		{1F86FDBB-481B-E6D6-B6D4-BBC9EB28600B}.Release|Any CPU.ActiveCfg = Release|Any CPU
		{1F86FDBB-481B-E6D6-B6D4-BBC9EB28600B}.Release|Any CPU.Build.0 = Release|Any CPU
		{5C44EA03-5020-7F25-E2B1-1B08DEBA1953}.Debug|Any CPU.ActiveCfg = Debug|Any CPU
		{5C44EA03-5020-7F25-E2B1-1B08DEBA1953}.Debug|Any CPU.Build.0 = Debug|Any CPU
		{5C44EA03-5020-7F25-E2B1-1B08DEBA1953}.Release|Any CPU.ActiveCfg = Release|Any CPU
		{5C44EA03-5020-7F25-E2B1-1B08DEBA1953}.Release|Any CPU.Build.0 = Release|Any CPU
		{BF7FB1EE-C71D-1498-19C3-E084044540C4}.Debug|Any CPU.ActiveCfg = Debug|Any CPU
		{BF7FB1EE-C71D-1498-19C3-E084044540C4}.Debug|Any CPU.Build.0 = Debug|Any CPU
		{BF7FB1EE-C71D-1498-19C3-E084044540C4}.Release|Any CPU.ActiveCfg = Release|Any CPU
		{BF7FB1EE-C71D-1498-19C3-E084044540C4}.Release|Any CPU.Build.0 = Release|Any CPU
		{F0E89660-686F-0538-57D8-DB17DAD0EBF5}.Debug|Any CPU.ActiveCfg = Debug|Any CPU
		{F0E89660-686F-0538-57D8-DB17DAD0EBF5}.Debug|Any CPU.Build.0 = Debug|Any CPU
		{F0E89660-686F-0538-57D8-DB17DAD0EBF5}.Release|Any CPU.ActiveCfg = Release|Any CPU
		{F0E89660-686F-0538-57D8-DB17DAD0EBF5}.Release|Any CPU.Build.0 = Release|Any CPU
		{1DB1D7D4-F621-0A77-3044-2959B1A2457A}.Debug|Any CPU.ActiveCfg = Debug|Any CPU
		{1DB1D7D4-F621-0A77-3044-2959B1A2457A}.Debug|Any CPU.Build.0 = Debug|Any CPU
		{1DB1D7D4-F621-0A77-3044-2959B1A2457A}.Release|Any CPU.ActiveCfg = Release|Any CPU
		{1DB1D7D4-F621-0A77-3044-2959B1A2457A}.Release|Any CPU.Build.0 = Release|Any CPU
		{1893436C-5C96-16C4-20FB-1B6AC99DF357}.Debug|Any CPU.ActiveCfg = Debug|Any CPU
		{1893436C-5C96-16C4-20FB-1B6AC99DF357}.Debug|Any CPU.Build.0 = Debug|Any CPU
		{1893436C-5C96-16C4-20FB-1B6AC99DF357}.Release|Any CPU.ActiveCfg = Release|Any CPU
		{1893436C-5C96-16C4-20FB-1B6AC99DF357}.Release|Any CPU.Build.0 = Release|Any CPU
		{A49B974A-9318-49DD-6B2C-0814B2E59898}.Debug|Any CPU.ActiveCfg = Debug|Any CPU
		{A49B974A-9318-49DD-6B2C-0814B2E59898}.Debug|Any CPU.Build.0 = Debug|Any CPU
		{A49B974A-9318-49DD-6B2C-0814B2E59898}.Release|Any CPU.ActiveCfg = Release|Any CPU
		{A49B974A-9318-49DD-6B2C-0814B2E59898}.Release|Any CPU.Build.0 = Release|Any CPU
	EndGlobalSection
	GlobalSection(SolutionProperties) = preSolution
		HideSolutionNode = FALSE
	EndGlobalSection
	GlobalSection(NestedProjects) = preSolution
		{7561B235-6754-3C5C-E463-7CE23D1EAFCD} = {B554F44C-BC1A-140C-1D5D-67ADEC712783}
		{155256E3-B074-1180-D9D3-44D6933B8C53} = {7561B235-6754-3C5C-E463-7CE23D1EAFCD}
		{3A1C543F-11A2-DCD3-0B51-637217ADEBAE} = {155256E3-B074-1180-D9D3-44D6933B8C53}
		{6A6F1812-F013-51DA-E8E6-F79693A47021} = {3A1C543F-11A2-DCD3-0B51-637217ADEBAE}
		{5A8327F4-684E-B840-8E21-B150F786CF90} = {155256E3-B074-1180-D9D3-44D6933B8C53}
		{F0ECB36E-D781-B477-F3F0-E56214A2E59A} = {5A8327F4-684E-B840-8E21-B150F786CF90}
		{A699CA91-14DE-57E8-1739-10FE96C0F9D1} = {7561B235-6754-3C5C-E463-7CE23D1EAFCD}
		{F2395E5A-286A-FEA7-5DEA-C63D4A7A63D1} = {A699CA91-14DE-57E8-1739-10FE96C0F9D1}
		{274C5A60-01DB-5845-0078-BE4C7A271521} = {F2395E5A-286A-FEA7-5DEA-C63D4A7A63D1}
		{77AA6E33-9331-4884-D8BD-91D5D4F6222D} = {A699CA91-14DE-57E8-1739-10FE96C0F9D1}
		{E1626A7A-1375-785D-0D36-81985ADB8D1E} = {77AA6E33-9331-4884-D8BD-91D5D4F6222D}
		{7CBCCB36-E86F-1F44-3BE1-F86223486B3E} = {7561B235-6754-3C5C-E463-7CE23D1EAFCD}
		{A07265D1-390D-22C4-5541-E7CA1C402960} = {7CBCCB36-E86F-1F44-3BE1-F86223486B3E}
		{37192330-C0B5-8751-DB74-F77AAD3D5C83} = {A07265D1-390D-22C4-5541-E7CA1C402960}
		{41A576C6-BC88-EAFD-4747-6EC3F74F3672} = {7CBCCB36-E86F-1F44-3BE1-F86223486B3E}
		{6F74271F-C487-F528-F674-D5CF2B88B95A} = {41A576C6-BC88-EAFD-4747-6EC3F74F3672}
		{225C45F3-4AA4-668E-ED7A-C95A90898E1D} = {7561B235-6754-3C5C-E463-7CE23D1EAFCD}
		{332D280D-14AD-429A-5D1C-5F1D811CB279} = {225C45F3-4AA4-668E-ED7A-C95A90898E1D}
		{9CBD4E82-87AF-F5EA-4784-697D4FE722A4} = {332D280D-14AD-429A-5D1C-5F1D811CB279}
		{2AC06721-FF15-DBB4-3251-EF63F5DDCFE9} = {225C45F3-4AA4-668E-ED7A-C95A90898E1D}
		{9791462A-86E2-F0FB-4A2B-9DA90145446E} = {2AC06721-FF15-DBB4-3251-EF63F5DDCFE9}
		{0FB73E51-A9A8-1107-1A4E-CEDC613C515D} = {7561B235-6754-3C5C-E463-7CE23D1EAFCD}
		{6FC0B0A4-DDDD-F0FE-E548-7022355569F1} = {0FB73E51-A9A8-1107-1A4E-CEDC613C515D}
		{6E3C5A45-34DB-6EF2-9399-BE5C247D0C38} = {6FC0B0A4-DDDD-F0FE-E548-7022355569F1}
		{D0D02840-5D64-F458-18AA-9264DF46EEA7} = {0FB73E51-A9A8-1107-1A4E-CEDC613C515D}
		{572F86B3-472D-F755-155D-5E1741772126} = {D0D02840-5D64-F458-18AA-9264DF46EEA7}
		{98CD4696-9318-03A5-302D-81AEE91718C2} = {7561B235-6754-3C5C-E463-7CE23D1EAFCD}
		{F28F5A47-1E5E-7B13-B61A-7DD784CF8F6A} = {98CD4696-9318-03A5-302D-81AEE91718C2}
		{91D12EA2-04EE-DE78-F063-845ACC1079FE} = {F28F5A47-1E5E-7B13-B61A-7DD784CF8F6A}
		{E86164F9-D776-0343-BBFE-BDBFAA79666D} = {98CD4696-9318-03A5-302D-81AEE91718C2}
		{D62C49F5-C467-4FE0-9E37-08CF42115734} = {E86164F9-D776-0343-BBFE-BDBFAA79666D}
		{DC5A3285-5D07-3D46-D001-EA2C10AAC3A3} = {7561B235-6754-3C5C-E463-7CE23D1EAFCD}
		{4DB07D5E-2360-F11F-015D-BC1D74CF6354} = {DC5A3285-5D07-3D46-D001-EA2C10AAC3A3}
		{53043688-F275-B735-71F8-86185ACF03BB} = {4DB07D5E-2360-F11F-015D-BC1D74CF6354}
		{4716662E-E361-833C-420B-70148875A15E} = {DC5A3285-5D07-3D46-D001-EA2C10AAC3A3}
		{8456E239-A022-6D36-43B2-F0454655F377} = {4716662E-E361-833C-420B-70148875A15E}
		{FCD5D1AD-A00A-75CF-FECE-9E9CD7529E67} = {7561B235-6754-3C5C-E463-7CE23D1EAFCD}
		{E296CF02-FFCB-69AB-0575-D4EB4DE0DDD7} = {FCD5D1AD-A00A-75CF-FECE-9E9CD7529E67}
		{E5BA1D4E-EB22-79F5-638E-BF44487CFCF8} = {E296CF02-FFCB-69AB-0575-D4EB4DE0DDD7}
		{E6FD1486-AF7D-FB5B-F1E8-EFD86944706B} = {FCD5D1AD-A00A-75CF-FECE-9E9CD7529E67}
		{1F86FDBB-481B-E6D6-B6D4-BBC9EB28600B} = {E6FD1486-AF7D-FB5B-F1E8-EFD86944706B}
		{80538D9A-4077-34C2-F2AF-E6F881F57F8E} = {7561B235-6754-3C5C-E463-7CE23D1EAFCD}
		{87661CF1-6BB7-8FF1-56BE-ACD22102E81D} = {80538D9A-4077-34C2-F2AF-E6F881F57F8E}
		{5C44EA03-5020-7F25-E2B1-1B08DEBA1953} = {87661CF1-6BB7-8FF1-56BE-ACD22102E81D}
		{8080EFEF-2E20-C951-FC0F-3C9A4634A42F} = {80538D9A-4077-34C2-F2AF-E6F881F57F8E}
		{BF7FB1EE-C71D-1498-19C3-E084044540C4} = {8080EFEF-2E20-C951-FC0F-3C9A4634A42F}
		{D317816C-9DA5-9EAC-5357-83E42D51D3D0} = {7561B235-6754-3C5C-E463-7CE23D1EAFCD}
		{F07FA82F-001F-B877-AB1E-C26D49A4E261} = {D317816C-9DA5-9EAC-5357-83E42D51D3D0}
		{F0E89660-686F-0538-57D8-DB17DAD0EBF5} = {F07FA82F-001F-B877-AB1E-C26D49A4E261}
		{7EEF2256-67E6-5141-1A0C-862FC31C7E43} = {D317816C-9DA5-9EAC-5357-83E42D51D3D0}
		{1DB1D7D4-F621-0A77-3044-2959B1A2457A} = {7EEF2256-67E6-5141-1A0C-862FC31C7E43}
		{3AA93CAF-1693-BCF5-70C7-2AEE3F36B844} = {1668C5BA-8DDF-07DE-9EF4-CB21FE816227}
		{62C05A5C-3849-E3EB-1BA6-745D0CD7CCA9} = {3AA93CAF-1693-BCF5-70C7-2AEE3F36B844}
		{130484BA-3D5B-3CC1-73AF-36F53DEDB83B} = {62C05A5C-3849-E3EB-1BA6-745D0CD7CCA9}
		{076A2EAE-BA58-8EF7-C6B4-F0FF678AF002} = {130484BA-3D5B-3CC1-73AF-36F53DEDB83B}
		{1893436C-5C96-16C4-20FB-1B6AC99DF357} = {076A2EAE-BA58-8EF7-C6B4-F0FF678AF002}
		{65BA1280-FBB5-A401-6D3D-B60ED5F7DEA4} = {076A2EAE-BA58-8EF7-C6B4-F0FF678AF002}
		{A49B974A-9318-49DD-6B2C-0814B2E59898} = {65BA1280-FBB5-A401-6D3D-B60ED5F7DEA4}
	EndGlobalSection
	GlobalSection(ExtensibilityGlobals) = postSolution
		SolutionGuid = {EDC8F36B-A75D-48A9-B363-F7191A7996A9}
	EndGlobalSection
EndGlobal
